
Microsoft Visual Studio Solution File, Format Version 12.00
# Visual Studio 14
VisualStudioVersion = 14.0.24720.0
MinimumVisualStudioVersion = 10.0.40219.1
Project("{FAE04EC0-301F-11D3-BF4B-00C04F79EFBC}") = "HelperFunctions", "HelperFunctions\HelperFunctions.csproj", "{0A7CE25F-AA7E-42EC-903C-68FFF3FA2827}"
EndProject
Project("{FAE04EC0-301F-11D3-BF4B-00C04F79EFBC}") = "SqlServerMirroring", "SqlServerMirroring\SqlServerMirroring.csproj", "{7D048B24-B28F-4ECF-996A-BB5F1EF33E90}"
EndProject
Project("{FAE04EC0-301F-11D3-BF4B-00C04F79EFBC}") = "HelperTester", "HelperTester\HelperTester.csproj", "{05124872-C28B-4F1C-871A-01EE64076138}"
EndProject
Project("{2150E333-8FDC-42A3-9474-1A3956D46DE8}") = "Solution Items", "Solution Items", "{FFB196FC-846A-4D31-B7AC-F5F34596F5B2}"
	ProjectSection(SolutionItems) = preProject
		External\ConsoleTester.dll = External\ConsoleTester.dll
		External\ConsoleTester_License.txt = External\ConsoleTester_License.txt
		External\InputSimulator.dll = External\InputSimulator.dll
		External\InputSimulator_Licence.txt = External\InputSimulator_Licence.txt
		External\SharedManagementObjects_32bit.msi = External\SharedManagementObjects_32bit.msi
		External\SharedManagementObjects_64bit.msi = External\SharedManagementObjects_64bit.msi
		Solution dependencies.dgml = Solution dependencies.dgml
	EndProjectSection
EndProject
Project("{FAE04EC0-301F-11D3-BF4B-00C04F79EFBC}") = "SqlServerMirroringTester", "SqlServerMirroringTester\SqlServerMirroringTester.csproj", "{5F65DBD4-7EF6-4A1A-BB65-9BF0CC21867A}"
EndProject
Global
	GlobalSection(SolutionConfigurationPlatforms) = preSolution
		Debug|Any CPU = Debug|Any CPU
		Release|Any CPU = Release|Any CPU
	EndGlobalSection
	GlobalSection(ProjectConfigurationPlatforms) = postSolution
		{0A7CE25F-AA7E-42EC-903C-68FFF3FA2827}.Debug|Any CPU.ActiveCfg = Debug|Any CPU
		{0A7CE25F-AA7E-42EC-903C-68FFF3FA2827}.Debug|Any CPU.Build.0 = Debug|Any CPU
		{0A7CE25F-AA7E-42EC-903C-68FFF3FA2827}.Release|Any CPU.ActiveCfg = Release|Any CPU
		{0A7CE25F-AA7E-42EC-903C-68FFF3FA2827}.Release|Any CPU.Build.0 = Release|Any CPU
		{7D048B24-B28F-4ECF-996A-BB5F1EF33E90}.Debug|Any CPU.ActiveCfg = Debug|Any CPU
		{7D048B24-B28F-4ECF-996A-BB5F1EF33E90}.Debug|Any CPU.Build.0 = Debug|Any CPU
		{7D048B24-B28F-4ECF-996A-BB5F1EF33E90}.Release|Any CPU.ActiveCfg = Release|Any CPU
		{7D048B24-B28F-4ECF-996A-BB5F1EF33E90}.Release|Any CPU.Build.0 = Release|Any CPU
		{05124872-C28B-4F1C-871A-01EE64076138}.Debug|Any CPU.ActiveCfg = Debug|Any CPU
		{05124872-C28B-4F1C-871A-01EE64076138}.Debug|Any CPU.Build.0 = Debug|Any CPU
		{05124872-C28B-4F1C-871A-01EE64076138}.Release|Any CPU.ActiveCfg = Release|Any CPU
		{05124872-C28B-4F1C-871A-01EE64076138}.Release|Any CPU.Build.0 = Release|Any CPU
		{5F65DBD4-7EF6-4A1A-BB65-9BF0CC21867A}.Debug|Any CPU.ActiveCfg = Debug|Any CPU
		{5F65DBD4-7EF6-4A1A-BB65-9BF0CC21867A}.Debug|Any CPU.Build.0 = Debug|Any CPU
		{5F65DBD4-7EF6-4A1A-BB65-9BF0CC21867A}.Release|Any CPU.ActiveCfg = Release|Any CPU
		{5F65DBD4-7EF6-4A1A-BB65-9BF0CC21867A}.Release|Any CPU.Build.0 = Release|Any CPU
	EndGlobalSection
	GlobalSection(SolutionProperties) = preSolution
		HideSolutionNode = FALSE
	EndGlobalSection
EndGlobal
